// !$*UTF8*$!
{
	archiveVersion = 1;
	classes = {
	};
	objectVersion = 46;
	objects = {

/* Begin PBXBuildFile section */
		A89123E81B098D7500A6096D /* main.m in Sources */ = {isa = PBXBuildFile; fileRef = A89123E71B098D7500A6096D /* main.m */; };
		A89123F41B0997CD00A6096D /* Waypoint.m in Sources */ = {isa = PBXBuildFile; fileRef = A89123F31B0997CD00A6096D /* Waypoint.m */; };
		A89123F71B09A66800A6096D /* Util.m in Sources */ = {isa = PBXBuildFile; fileRef = A89123F61B09A66800A6096D /* Util.m */; };
		A89123FE1B0BFCFE00A6096D /* MapFactory.m in Sources */ = {isa = PBXBuildFile; fileRef = A89123FD1B0BFCFE00A6096D /* MapFactory.m */; };
		A89124001B0BFD0700A6096D /* Map.m in Sources */ = {isa = PBXBuildFile; fileRef = A89123FF1B0BFD0700A6096D /* Map.m */; };
		A89124041B0BFDC600A6096D /* Building.m in Sources */ = {isa = PBXBuildFile; fileRef = A89124031B0BFDC600A6096D /* Building.m */; };
		A89124061B0BFDD100A6096D /* Location.m in Sources */ = {isa = PBXBuildFile; fileRef = A89124051B0BFDD100A6096D /* Location.m */; };
		A891240C1B0BFE0B00A6096D /* Path.m in Sources */ = {isa = PBXBuildFile; fileRef = A891240B1B0BFE0B00A6096D /* Path.m */; };
		A891240E1B0BFE1700A6096D /* Route.m in Sources */ = {isa = PBXBuildFile; fileRef = A891240D1B0BFE1700A6096D /* Route.m */; };
		A89124101B0BFE2000A6096D /* RouteStep.m in Sources */ = {isa = PBXBuildFile; fileRef = A891240F1B0BFE2000A6096D /* RouteStep.m */; };
		A89124121B0BFE4100A6096D /* RouteFinder.m in Sources */ = {isa = PBXBuildFile; fileRef = A89124111B0BFE4100A6096D /* RouteFinder.m */; };
/* End PBXBuildFile section */

/* Begin PBXCopyFilesBuildPhase section */
		A89123E21B098D7500A6096D /* CopyFiles */ = {
			isa = PBXCopyFilesBuildPhase;
			buildActionMask = 2147483647;
			dstPath = /usr/share/man/man1/;
			dstSubfolderSpec = 0;
			files = (
			);
			runOnlyForDeploymentPostprocessing = 1;
		};
/* End PBXCopyFilesBuildPhase section */

/* Begin PBXFileReference section */
		A89123E41B098D7500A6096D /* WatBackend */ = {isa = PBXFileReference; explicitFileType = "compiled.mach-o.executable"; includeInIndex = 0; name = WatBackend; path = "/Users/bai-personal/Documents/WATisRain/iOS/WatBackend/build/Debug/WatBackend"; sourceTree = "<absolute>"; };
		A89123E71B098D7500A6096D /* main.m */ = {isa = PBXFileReference; lastKnownFileType = sourcecode.c.objc; path = main.m; sourceTree = "<group>"; };
		A89123F21B0997C100A6096D /* Waypoint.h */ = {isa = PBXFileReference; lastKnownFileType = sourcecode.c.h; path = Waypoint.h; sourceTree = "<group>"; };
		A89123F31B0997CD00A6096D /* Waypoint.m */ = {isa = PBXFileReference; fileEncoding = 4; lastKnownFileType = sourcecode.c.objc; path = Waypoint.m; sourceTree = "<group>"; };
		A89123F51B09A65D00A6096D /* Util.h */ = {isa = PBXFileReference; lastKnownFileType = sourcecode.c.h; path = Util.h; sourceTree = "<group>"; };
		A89123F61B09A66800A6096D /* Util.m */ = {isa = PBXFileReference; fileEncoding = 4; lastKnownFileType = sourcecode.c.objc; path = Util.m; sourceTree = "<group>"; };
		A89123FC1B0BFCEA00A6096D /* MapFactory.h */ = {isa = PBXFileReference; lastKnownFileType = sourcecode.c.h; path = MapFactory.h; sourceTree = "<group>"; };
		A89123FD1B0BFCFE00A6096D /* MapFactory.m */ = {isa = PBXFileReference; fileEncoding = 4; lastKnownFileType = sourcecode.c.objc; path = MapFactory.m; sourceTree = "<group>"; };
		A89123FF1B0BFD0700A6096D /* Map.m */ = {isa = PBXFileReference; fileEncoding = 4; lastKnownFileType = sourcecode.c.objc; path = Map.m; sourceTree = "<group>"; };
		A89124011B0BFD1800A6096D /* Map.h */ = {isa = PBXFileReference; lastKnownFileType = sourcecode.c.h; path = Map.h; sourceTree = "<group>"; };
		A89124021B0BFDB500A6096D /* Building.h */ = {isa = PBXFileReference; lastKnownFileType = sourcecode.c.h; path = Building.h; sourceTree = "<group>"; };
		A89124031B0BFDC600A6096D /* Building.m */ = {isa = PBXFileReference; fileEncoding = 4; lastKnownFileType = sourcecode.c.objc; path = Building.m; sourceTree = "<group>"; };
		A89124051B0BFDD100A6096D /* Location.m */ = {isa = PBXFileReference; fileEncoding = 4; lastKnownFileType = sourcecode.c.objc; path = Location.m; sourceTree = "<group>"; };
		A89124071B0BFDDA00A6096D /* Location.h */ = {isa = PBXFileReference; lastKnownFileType = sourcecode.c.h; path = Location.h; sourceTree = "<group>"; };
		A89124081B0BFDEF00A6096D /* Path.h */ = {isa = PBXFileReference; lastKnownFileType = sourcecode.c.h; path = Path.h; sourceTree = "<group>"; };
		A89124091B0BFDF600A6096D /* Route.h */ = {isa = PBXFileReference; lastKnownFileType = sourcecode.c.h; path = Route.h; sourceTree = "<group>"; };
		A891240A1B0BFDFE00A6096D /* RouteStep.h */ = {isa = PBXFileReference; lastKnownFileType = sourcecode.c.h; path = RouteStep.h; sourceTree = "<group>"; };
		A891240B1B0BFE0B00A6096D /* Path.m */ = {isa = PBXFileReference; fileEncoding = 4; lastKnownFileType = sourcecode.c.objc; path = Path.m; sourceTree = "<group>"; };
		A891240D1B0BFE1700A6096D /* Route.m */ = {isa = PBXFileReference; fileEncoding = 4; lastKnownFileType = sourcecode.c.objc; path = Route.m; sourceTree = "<group>"; };
		A891240F1B0BFE2000A6096D /* RouteStep.m */ = {isa = PBXFileReference; fileEncoding = 4; lastKnownFileType = sourcecode.c.objc; path = RouteStep.m; sourceTree = "<group>"; };
		A89124111B0BFE4100A6096D /* RouteFinder.m */ = {isa = PBXFileReference; fileEncoding = 4; lastKnownFileType = sourcecode.c.objc; path = RouteFinder.m; sourceTree = "<group>"; };
		A89124131B0BFE4C00A6096D /* RouteFinder.h */ = {isa = PBXFileReference; lastKnownFileType = sourcecode.c.h; path = RouteFinder.h; sourceTree = "<group>"; };
/* End PBXFileReference section */

/* Begin PBXFrameworksBuildPhase section */
		A89123E11B098D7500A6096D /* Frameworks */ = {
			isa = PBXFrameworksBuildPhase;
			buildActionMask = 2147483647;
			files = (
			);
			runOnlyForDeploymentPostprocessing = 0;
		};
/* End PBXFrameworksBuildPhase section */

/* Begin PBXGroup section */
		A89123DB1B098D7500A6096D = {
			isa = PBXGroup;
			children = (
				A89123E61B098D7500A6096D /* WatBackend */,
			);
			sourceTree = "<group>";
		};
		A89123E61B098D7500A6096D /* WatBackend */ = {
			isa = PBXGroup;
			children = (
				A89123F11B0997AE00A6096D /* data */,
				A89123E71B098D7500A6096D /* main.m */,
				A89123F51B09A65D00A6096D /* Util.h */,
				A89123F61B09A66800A6096D /* Util.m */,
				A89123FC1B0BFCEA00A6096D /* MapFactory.h */,
				A89123FD1B0BFCFE00A6096D /* MapFactory.m */,
				A89124111B0BFE4100A6096D /* RouteFinder.m */,
				A89124131B0BFE4C00A6096D /* RouteFinder.h */,
			);
			path = WatBackend;
			sourceTree = "<group>";
		};
		A89123F11B0997AE00A6096D /* data */ = {
			isa = PBXGroup;
			children = (
				A89123F21B0997C100A6096D /* Waypoint.h */,
				A89123F31B0997CD00A6096D /* Waypoint.m */,
				A89124011B0BFD1800A6096D /* Map.h */,
				A89123FF1B0BFD0700A6096D /* Map.m */,
				A89124021B0BFDB500A6096D /* Building.h */,
				A89124031B0BFDC600A6096D /* Building.m */,
				A89124071B0BFDDA00A6096D /* Location.h */,
				A89124051B0BFDD100A6096D /* Location.m */,
				A89124081B0BFDEF00A6096D /* Path.h */,
				A891240B1B0BFE0B00A6096D /* Path.m */,
				A89124091B0BFDF600A6096D /* Route.h */,
				A891240D1B0BFE1700A6096D /* Route.m */,
				A891240A1B0BFDFE00A6096D /* RouteStep.h */,
				A891240F1B0BFE2000A6096D /* RouteStep.m */,
			);
			name = data;
			sourceTree = "<group>";
		};
/* End PBXGroup section */

/* Begin PBXNativeTarget section */
		A89123E31B098D7500A6096D /* WatBackend */ = {
			isa = PBXNativeTarget;
			buildConfigurationList = A89123EB1B098D7500A6096D /* Build configuration list for PBXNativeTarget "WatBackend" */;
			buildPhases = (
				A89123E01B098D7500A6096D /* Sources */,
				A89123E11B098D7500A6096D /* Frameworks */,
				A89123E21B098D7500A6096D /* CopyFiles */,
			);
			buildRules = (
			);
			dependencies = (
			);
			name = WatBackend;
			productName = WatBackend;
			productReference = A89123E41B098D7500A6096D /* WatBackend */;
			productType = "com.apple.product-type.tool";
		};
/* End PBXNativeTarget section */

/* Begin PBXProject section */
		A89123DC1B098D7500A6096D /* Project object */ = {
			isa = PBXProject;
			attributes = {
				LastUpgradeCheck = 0630;
				ORGANIZATIONNAME = Bai;
				TargetAttributes = {
					A89123E31B098D7500A6096D = {
						CreatedOnToolsVersion = 6.3.1;
					};
				};
			};
			buildConfigurationList = A89123DF1B098D7500A6096D /* Build configuration list for PBXProject "WatBackend" */;
			compatibilityVersion = "Xcode 3.2";
			developmentRegion = English;
			hasScannedForEncodings = 0;
			knownRegions = (
				en,
			);
			mainGroup = A89123DB1B098D7500A6096D;
			productRefGroup = A89123DB1B098D7500A6096D;
			projectDirPath = "";
			projectRoot = "";
			targets = (
				A89123E31B098D7500A6096D /* WatBackend */,
			);
		};
/* End PBXProject section */

/* Begin PBXSourcesBuildPhase section */
		A89123E01B098D7500A6096D /* Sources */ = {
			isa = PBXSourcesBuildPhase;
			buildActionMask = 2147483647;
			files = (
				A89123F41B0997CD00A6096D /* Waypoint.m in Sources */,
				A89124061B0BFDD100A6096D /* Location.m in Sources */,
				A89124001B0BFD0700A6096D /* Map.m in Sources */,
				A89124101B0BFE2000A6096D /* RouteStep.m in Sources */,
				A891240E1B0BFE1700A6096D /* Route.m in Sources */,
				A89123FE1B0BFCFE00A6096D /* MapFactory.m in Sources */,
				A89123E81B098D7500A6096D /* main.m in Sources */,
				A89123F71B09A66800A6096D /* Util.m in Sources */,
				A891240C1B0BFE0B00A6096D /* Path.m in Sources */,
				A89124041B0BFDC600A6096D /* Building.m in Sources */,
				A89124121B0BFE4100A6096D /* RouteFinder.m in Sources */,
			);
			runOnlyForDeploymentPostprocessing = 0;
		};
/* End PBXSourcesBuildPhase section */

/* Begin XCBuildConfiguration section */
		A89123E91B098D7500A6096D /* Debug */ = {
			isa = XCBuildConfiguration;
			buildSettings = {
				ALWAYS_SEARCH_USER_PATHS = NO;
				CLANG_CXX_LANGUAGE_STANDARD = "gnu++0x";
				CLANG_CXX_LIBRARY = "libc++";
				CLANG_ENABLE_MODULES = YES;
				CLANG_ENABLE_OBJC_ARC = YES;
				CLANG_WARN_BOOL_CONVERSION = YES;
				CLANG_WARN_CONSTANT_CONVERSION = YES;
				CLANG_WARN_DIRECT_OBJC_ISA_USAGE = YES_ERROR;
				CLANG_WARN_EMPTY_BODY = YES;
				CLANG_WARN_ENUM_CONVERSION = YES;
				CLANG_WARN_INT_CONVERSION = YES;
				CLANG_WARN_OBJC_ROOT_CLASS = YES_ERROR;
				CLANG_WARN_UNREACHABLE_CODE = YES;
				CLANG_WARN__DUPLICATE_METHOD_MATCH = YES;
				COPY_PHASE_STRIP = NO;
				DEBUG_INFORMATION_FORMAT = dwarf;
				ENABLE_STRICT_OBJC_MSGSEND = YES;
				GCC_C_LANGUAGE_STANDARD = gnu99;
				GCC_DYNAMIC_NO_PIC = NO;
				GCC_NO_COMMON_BLOCKS = YES;
				GCC_OPTIMIZATION_LEVEL = 0;
				GCC_PREPROCESSOR_DEFINITIONS = (
					"DEBUG=1",
					"$(inherited)",
				);
				GCC_SYMBOLS_PRIVATE_EXTERN = NO;
				GCC_WARN_64_TO_32_BIT_CONVERSION = YES;
				GCC_WARN_ABOUT_RETURN_TYPE = YES_ERROR;
				GCC_WARN_UNDECLARED_SELECTOR = YES;
				GCC_WARN_UNINITIALIZED_AUTOS = YES_AGGRESSIVE;
				GCC_WARN_UNUSED_FUNCTION = YES;
				GCC_WARN_UNUSED_VARIABLE = YES;
				MACOSX_DEPLOYMENT_TARGET = 10.10;
				MTL_ENABLE_DEBUG_INFO = YES;
				ONLY_ACTIVE_ARCH = YES;
				SDKROOT = macosx;
			};
			name = Debug;
		};
		A89123EA1B098D7500A6096D /* Release */ = {
			isa = XCBuildConfiguration;
			buildSettings = {
				ALWAYS_SEARCH_USER_PATHS = NO;
				CLANG_CXX_LANGUAGE_STANDARD = "gnu++0x";
				CLANG_CXX_LIBRARY = "libc++";
				CLANG_ENABLE_MODULES = YES;
				CLANG_ENABLE_OBJC_ARC = YES;
				CLANG_WARN_BOOL_CONVERSION = YES;
				CLANG_WARN_CONSTANT_CONVERSION = YES;
				CLANG_WARN_DIRECT_OBJC_ISA_USAGE = YES_ERROR;
				CLANG_WARN_EMPTY_BODY = YES;
				CLANG_WARN_ENUM_CONVERSION = YES;
				CLANG_WARN_INT_CONVERSION = YES;
				CLANG_WARN_OBJC_ROOT_CLASS = YES_ERROR;
				CLANG_WARN_UNREACHABLE_CODE = YES;
				CLANG_WARN__DUPLICATE_METHOD_MATCH = YES;
				COPY_PHASE_STRIP = NO;
				DEBUG_INFORMATION_FORMAT = "dwarf-with-dsym";
				ENABLE_NS_ASSERTIONS = NO;
				ENABLE_STRICT_OBJC_MSGSEND = YES;
				GCC_C_LANGUAGE_STANDARD = gnu99;
				GCC_NO_COMMON_BLOCKS = YES;
				GCC_WARN_64_TO_32_BIT_CONVERSION = YES;
				GCC_WARN_ABOUT_RETURN_TYPE = YES_ERROR;
				GCC_WARN_UNDECLARED_SELECTOR = YES;
				GCC_WARN_UNINITIALIZED_AUTOS = YES_AGGRESSIVE;
				GCC_WARN_UNUSED_FUNCTION = YES;
				GCC_WARN_UNUSED_VARIABLE = YES;
				MACOSX_DEPLOYMENT_TARGET = 10.10;
				MTL_ENABLE_DEBUG_INFO = NO;
				SDKROOT = macosx;
			};
			name = Release;
		};
		A89123EC1B098D7500A6096D /* Debug */ = {
			isa = XCBuildConfiguration;
			buildSettings = {
				PRODUCT_NAME = "$(TARGET_NAME)";
			};
			name = Debug;
		};
		A89123ED1B098D7500A6096D /* Release */ = {
			isa = XCBuildConfiguration;
			buildSettings = {
				PRODUCT_NAME = "$(TARGET_NAME)";
			};
			name = Release;
		};
/* End XCBuildConfiguration section */

/* Begin XCConfigurationList section */
		A89123DF1B098D7500A6096D /* Build configuration list for PBXProject "WatBackend" */ = {
			isa = XCConfigurationList;
			buildConfigurations = (
				A89123E91B098D7500A6096D /* Debug */,
				A89123EA1B098D7500A6096D /* Release */,
			);
			defaultConfigurationIsVisible = 0;
			defaultConfigurationName = Release;
		};
		A89123EB1B098D7500A6096D /* Build configuration list for PBXNativeTarget "WatBackend" */ = {
			isa = XCConfigurationList;
			buildConfigurations = (
				A89123EC1B098D7500A6096D /* Debug */,
				A89123ED1B098D7500A6096D /* Release */,
			);
			defaultConfigurationIsVisible = 0;
			defaultConfigurationName = Release;
		};
/* End XCConfigurationList section */
	};
	rootObject = A89123DC1B098D7500A6096D /* Project object */;
}
